
Microsoft Visual Studio Solution File, Format Version 12.00
# Visual Studio Version 17
VisualStudioVersion = 17.11.35312.102
MinimumVisualStudioVersion = 10.0.40219.1
Project("{888888A0-9F3D-457C-B088-3A5042F75D52}") = "MyBacklog", "MyBacklog\MyBacklog.pyproj", "{A95D0EFB-89AB-4275-B112-55739814CB2D}"
EndProject
Global
	GlobalSection(SolutionConfigurationPlatforms) = preSolution
		Debug|Any CPU = Debug|Any CPU
		Release|Any CPU = Release|Any CPU
	EndGlobalSection
	GlobalSection(ProjectConfigurationPlatforms) = postSolution
		{A95D0EFB-89AB-4275-B112-55739814CB2D}.Debug|Any CPU.ActiveCfg = Debug|Any CPU
		{A95D0EFB-89AB-4275-B112-55739814CB2D}.Release|Any CPU.ActiveCfg = Release|Any CPU
	EndGlobalSection
	GlobalSection(SolutionProperties) = preSolution
		HideSolutionNode = FALSE
	EndGlobalSection
	GlobalSection(ExtensibilityGlobals) = postSolution
		SolutionGuid = {94AF56DC-407A-4117-A415-8234A7BD7CC1}
	EndGlobalSection
EndGlobal
